<?xml version="1.0" encoding="utf-8"?>
<Project ToolsVersion="4.0" xmlns="http://schemas.microsoft.com/developer/msbuild/2003">
  <ItemGroup>
    <Filter Include="Source">
      <UniqueIdentifier>{c2affbb4-c5a5-49bb-81c6-1751514d51ef}</UniqueIdentifier>
    </Filter>
  </ItemGroup>
  <ItemGroup>
    <ClCompile Include="Source\SimpleTest.cpp">
      <Filter>Source</Filter>
    </ClCompile>
  </ItemGroup>
</Project>